
Microsoft Visual Studio Solution File, Format Version 12.00
# Visual Studio 15
VisualStudioVersion = 15.0.28307.705
MinimumVisualStudioVersion = 10.0.40219.1
Project("{FAE04EC0-301F-11D3-BF4B-00C04F79EFBC}") = "Esri_Demo_MLH", "Esri_Demo_MLH\Esri_Demo_MLH.csproj", "{30BEEE16-CF10-4A4B-BF4A-680A29302AEA}"
EndProject
Global
	GlobalSection(SolutionConfigurationPlatforms) = preSolution
		Debug|Any CPU = Debug|Any CPU
		Release|Any CPU = Release|Any CPU
	EndGlobalSection
	GlobalSection(ProjectConfigurationPlatforms) = postSolution
		{30BEEE16-CF10-4A4B-BF4A-680A29302AEA}.Debug|Any CPU.ActiveCfg = Debug|Any CPU
		{30BEEE16-CF10-4A4B-BF4A-680A29302AEA}.Debug|Any CPU.Build.0 = Debug|Any CPU
		{30BEEE16-CF10-4A4B-BF4A-680A29302AEA}.Release|Any CPU.ActiveCfg = Release|Any CPU
		{30BEEE16-CF10-4A4B-BF4A-680A29302AEA}.Release|Any CPU.Build.0 = Release|Any CPU
	EndGlobalSection
	GlobalSection(SolutionProperties) = preSolution
		HideSolutionNode = FALSE
	EndGlobalSection
	GlobalSection(ExtensibilityGlobals) = postSolution
		SolutionGuid = {CFAC5195-EC2B-4841-90CF-426D8119057B}
	EndGlobalSection
EndGlobal
